// !$*UTF8*$!
{
	archiveVersion = 1;
	classes = {
	};
	objectVersion = 56;
	objects = {

/* Begin PBXBuildFile section */
		A4CD6ED02A5D4E76008E5E55 /* AppDelegate.m in Sources */ = {isa = PBXBuildFile; fileRef = A4CD6ECF2A5D4E76008E5E55 /* AppDelegate.m */; };
		A4CD6ED32A5D4E76008E5E55 /* SceneDelegate.m in Sources */ = {isa = PBXBuildFile; fileRef = A4CD6ED22A5D4E76008E5E55 /* SceneDelegate.m */; };
		A4CD6ED62A5D4E76008E5E55 /* ViewController.m in Sources */ = {isa = PBXBuildFile; fileRef = A4CD6ED52A5D4E76008E5E55 /* ViewController.m */; };
		A4CD6ED92A5D4E76008E5E55 /* Main.storyboard in Resources */ = {isa = PBXBuildFile; fileRef = A4CD6ED72A5D4E76008E5E55 /* Main.storyboard */; };
		A4CD6EDB2A5D4E77008E5E55 /* Assets.xcassets in Resources */ = {isa = PBXBuildFile; fileRef = A4CD6EDA2A5D4E77008E5E55 /* Assets.xcassets */; };
		A4CD6EDE2A5D4E77008E5E55 /* LaunchScreen.storyboard in Resources */ = {isa = PBXBuildFile; fileRef = A4CD6EDC2A5D4E77008E5E55 /* LaunchScreen.storyboard */; };
		A4CD6EE12A5D4E78008E5E55 /* main.m in Sources */ = {isa = PBXBuildFile; fileRef = A4CD6EE02A5D4E77008E5E55 /* main.m */; };
		A4CD6EEB2A5D4E78008E5E55 /* FitCloudKitDemoTests.m in Sources */ = {isa = PBXBuildFile; fileRef = A4CD6EEA2A5D4E78008E5E55 /* FitCloudKitDemoTests.m */; };
		A4CD6EF52A5D4E78008E5E55 /* FitCloudKitDemoUITests.m in Sources */ = {isa = PBXBuildFile; fileRef = A4CD6EF42A5D4E78008E5E55 /* FitCloudKitDemoUITests.m */; };
		A4CD6EF72A5D4E78008E5E55 /* FitCloudKitDemoUITestsLaunchTests.m in Sources */ = {isa = PBXBuildFile; fileRef = A4CD6EF62A5D4E78008E5E55 /* FitCloudKitDemoUITestsLaunchTests.m */; };
/* End PBXBuildFile section */

/* Begin PBXContainerItemProxy section */
		A4CD6EE72A5D4E78008E5E55 /* PBXContainerItemProxy */ = {
			isa = PBXContainerItemProxy;
			containerPortal = A4CD6EC32A5D4E76008E5E55 /* Project object */;
			proxyType = 1;
			remoteGlobalIDString = A4CD6ECA2A5D4E76008E5E55;
			remoteInfo = FitCloudKitDemo;
		};
		A4CD6EF12A5D4E78008E5E55 /* PBXContainerItemProxy */ = {
			isa = PBXContainerItemProxy;
			containerPortal = A4CD6EC32A5D4E76008E5E55 /* Project object */;
			proxyType = 1;
			remoteGlobalIDString = A4CD6ECA2A5D4E76008E5E55;
			remoteInfo = FitCloudKitDemo;
		};
/* End PBXContainerItemProxy section */

/* Begin PBXFileReference section */
		A4CD6ECB2A5D4E76008E5E55 /* FitCloudKitDemo.app */ = {isa = PBXFileReference; explicitFileType = wrapper.application; includeInIndex = 0; path = FitCloudKitDemo.app; sourceTree = BUILT_PRODUCTS_DIR; };
		A4CD6ECE2A5D4E76008E5E55 /* AppDelegate.h */ = {isa = PBXFileReference; lastKnownFileType = sourcecode.c.h; path = AppDelegate.h; sourceTree = "<group>"; };
		A4CD6ECF2A5D4E76008E5E55 /* AppDelegate.m */ = {isa = PBXFileReference; lastKnownFileType = sourcecode.c.objc; path = AppDelegate.m; sourceTree = "<group>"; };
		A4CD6ED12A5D4E76008E5E55 /* SceneDelegate.h */ = {isa = PBXFileReference; lastKnownFileType = sourcecode.c.h; path = SceneDelegate.h; sourceTree = "<group>"; };
		A4CD6ED22A5D4E76008E5E55 /* SceneDelegate.m */ = {isa = PBXFileReference; lastKnownFileType = sourcecode.c.objc; path = SceneDelegate.m; sourceTree = "<group>"; };
		A4CD6ED42A5D4E76008E5E55 /* ViewController.h */ = {isa = PBXFileReference; lastKnownFileType = sourcecode.c.h; path = ViewController.h; sourceTree = "<group>"; };
		A4CD6ED52A5D4E76008E5E55 /* ViewController.m */ = {isa = PBXFileReference; lastKnownFileType = sourcecode.c.objc; path = ViewController.m; sourceTree = "<group>"; };
		A4CD6ED82A5D4E76008E5E55 /* Base */ = {isa = PBXFileReference; lastKnownFileType = file.storyboard; name = Base; path = Base.lproj/Main.storyboard; sourceTree = "<group>"; };
		A4CD6EDA2A5D4E77008E5E55 /* Assets.xcassets */ = {isa = PBXFileReference; lastKnownFileType = folder.assetcatalog; path = Assets.xcassets; sourceTree = "<group>"; };
		A4CD6EDD2A5D4E77008E5E55 /* Base */ = {isa = PBXFileReference; lastKnownFileType = file.storyboard; name = Base; path = Base.lproj/LaunchScreen.storyboard; sourceTree = "<group>"; };
		A4CD6EDF2A5D4E77008E5E55 /* Info.plist */ = {isa = PBXFileReference; lastKnownFileType = text.plist.xml; path = Info.plist; sourceTree = "<group>"; };
		A4CD6EE02A5D4E77008E5E55 /* main.m */ = {isa = PBXFileReference; lastKnownFileType = sourcecode.c.objc; path = main.m; sourceTree = "<group>"; };
		A4CD6EE62A5D4E78008E5E55 /* FitCloudKitDemoTests.xctest */ = {isa = PBXFileReference; explicitFileType = wrapper.cfbundle; includeInIndex = 0; path = FitCloudKitDemoTests.xctest; sourceTree = BUILT_PRODUCTS_DIR; };
		A4CD6EEA2A5D4E78008E5E55 /* FitCloudKitDemoTests.m */ = {isa = PBXFileReference; lastKnownFileType = sourcecode.c.objc; path = FitCloudKitDemoTests.m; sourceTree = "<group>"; };
		A4CD6EF02A5D4E78008E5E55 /* FitCloudKitDemoUITests.xctest */ = {isa = PBXFileReference; explicitFileType = wrapper.cfbundle; includeInIndex = 0; path = FitCloudKitDemoUITests.xctest; sourceTree = BUILT_PRODUCTS_DIR; };
		A4CD6EF42A5D4E78008E5E55 /* FitCloudKitDemoUITests.m */ = {isa = PBXFileReference; lastKnownFileType = sourcecode.c.objc; path = FitCloudKitDemoUITests.m; sourceTree = "<group>"; };
		A4CD6EF62A5D4E78008E5E55 /* FitCloudKitDemoUITestsLaunchTests.m */ = {isa = PBXFileReference; lastKnownFileType = sourcecode.c.objc; path = FitCloudKitDemoUITestsLaunchTests.m; sourceTree = "<group>"; };
/* End PBXFileReference section */

/* Begin PBXFrameworksBuildPhase section */
		A4CD6EC82A5D4E76008E5E55 /* Frameworks */ = {
			isa = PBXFrameworksBuildPhase;
			buildActionMask = 2147483647;
			files = (
			);
			runOnlyForDeploymentPostprocessing = 0;
		};
		A4CD6EE32A5D4E78008E5E55 /* Frameworks */ = {
			isa = PBXFrameworksBuildPhase;
			buildActionMask = 2147483647;
			files = (
			);
			runOnlyForDeploymentPostprocessing = 0;
		};
		A4CD6EED2A5D4E78008E5E55 /* Frameworks */ = {
			isa = PBXFrameworksBuildPhase;
			buildActionMask = 2147483647;
			files = (
			);
			runOnlyForDeploymentPostprocessing = 0;
		};
/* End PBXFrameworksBuildPhase section */

/* Begin PBXGroup section */
		A4CD6EC22A5D4E76008E5E55 = {
			isa = PBXGroup;
			children = (
				A4CD6ECD2A5D4E76008E5E55 /* FitCloudKitDemo */,
				A4CD6EE92A5D4E78008E5E55 /* FitCloudKitDemoTests */,
				A4CD6EF32A5D4E78008E5E55 /* FitCloudKitDemoUITests */,
				A4CD6ECC2A5D4E76008E5E55 /* Products */,
			);
			sourceTree = "<group>";
		};
		A4CD6ECC2A5D4E76008E5E55 /* Products */ = {
			isa = PBXGroup;
			children = (
				A4CD6ECB2A5D4E76008E5E55 /* FitCloudKitDemo.app */,
				A4CD6EE62A5D4E78008E5E55 /* FitCloudKitDemoTests.xctest */,
				A4CD6EF02A5D4E78008E5E55 /* FitCloudKitDemoUITests.xctest */,
			);
			name = Products;
			sourceTree = "<group>";
		};
		A4CD6ECD2A5D4E76008E5E55 /* FitCloudKitDemo */ = {
			isa = PBXGroup;
			children = (
				A4CD6ECE2A5D4E76008E5E55 /* AppDelegate.h */,
				A4CD6ECF2A5D4E76008E5E55 /* AppDelegate.m */,
				A4CD6ED12A5D4E76008E5E55 /* SceneDelegate.h */,
				A4CD6ED22A5D4E76008E5E55 /* SceneDelegate.m */,
				A4CD6ED42A5D4E76008E5E55 /* ViewController.h */,
				A4CD6ED52A5D4E76008E5E55 /* ViewController.m */,
				A4CD6ED72A5D4E76008E5E55 /* Main.storyboard */,
				A4CD6EDA2A5D4E77008E5E55 /* Assets.xcassets */,
				A4CD6EDC2A5D4E77008E5E55 /* LaunchScreen.storyboard */,
				A4CD6EDF2A5D4E77008E5E55 /* Info.plist */,
				A4CD6EE02A5D4E77008E5E55 /* main.m */,
			);
			path = FitCloudKitDemo;
			sourceTree = "<group>";
		};
		A4CD6EE92A5D4E78008E5E55 /* FitCloudKitDemoTests */ = {
			isa = PBXGroup;
			children = (
				A4CD6EEA2A5D4E78008E5E55 /* FitCloudKitDemoTests.m */,
			);
			path = FitCloudKitDemoTests;
			sourceTree = "<group>";
		};
		A4CD6EF32A5D4E78008E5E55 /* FitCloudKitDemoUITests */ = {
			isa = PBXGroup;
			children = (
				A4CD6EF42A5D4E78008E5E55 /* FitCloudKitDemoUITests.m */,
				A4CD6EF62A5D4E78008E5E55 /* FitCloudKitDemoUITestsLaunchTests.m */,
			);
			path = FitCloudKitDemoUITests;
			sourceTree = "<group>";
		};
/* End PBXGroup section */

/* Begin PBXNativeTarget section */
		A4CD6ECA2A5D4E76008E5E55 /* FitCloudKitDemo */ = {
			isa = PBXNativeTarget;
			buildConfigurationList = A4CD6EFA2A5D4E78008E5E55 /* Build configuration list for PBXNativeTarget "FitCloudKitDemo" */;
			buildPhases = (
				A4CD6EC72A5D4E76008E5E55 /* Sources */,
				A4CD6EC82A5D4E76008E5E55 /* Frameworks */,
				A4CD6EC92A5D4E76008E5E55 /* Resources */,
			);
			buildRules = (
			);
			dependencies = (
			);
			name = FitCloudKitDemo;
			productName = FitCloudKitDemo;
			productReference = A4CD6ECB2A5D4E76008E5E55 /* FitCloudKitDemo.app */;
			productType = "com.apple.product-type.application";
		};
		A4CD6EE52A5D4E78008E5E55 /* FitCloudKitDemoTests */ = {
			isa = PBXNativeTarget;
			buildConfigurationList = A4CD6EFD2A5D4E78008E5E55 /* Build configuration list for PBXNativeTarget "FitCloudKitDemoTests" */;
			buildPhases = (
				A4CD6EE22A5D4E78008E5E55 /* Sources */,
				A4CD6EE32A5D4E78008E5E55 /* Frameworks */,
				A4CD6EE42A5D4E78008E5E55 /* Resources */,
			);
			buildRules = (
			);
			dependencies = (
				A4CD6EE82A5D4E78008E5E55 /* PBXTargetDependency */,
			);
			name = FitCloudKitDemoTests;
			productName = FitCloudKitDemoTests;
			productReference = A4CD6EE62A5D4E78008E5E55 /* FitCloudKitDemoTests.xctest */;
			productType = "com.apple.product-type.bundle.unit-test";
		};
		A4CD6EEF2A5D4E78008E5E55 /* FitCloudKitDemoUITests */ = {
			isa = PBXNativeTarget;
			buildConfigurationList = A4CD6F002A5D4E78008E5E55 /* Build configuration list for PBXNativeTarget "FitCloudKitDemoUITests" */;
			buildPhases = (
				A4CD6EEC2A5D4E78008E5E55 /* Sources */,
				A4CD6EED2A5D4E78008E5E55 /* Frameworks */,
				A4CD6EEE2A5D4E78008E5E55 /* Resources */,
			);
			buildRules = (
			);
			dependencies = (
				A4CD6EF22A5D4E78008E5E55 /* PBXTargetDependency */,
			);
			name = FitCloudKitDemoUITests;
			productName = FitCloudKitDemoUITests;
			productReference = A4CD6EF02A5D4E78008E5E55 /* FitCloudKitDemoUITests.xctest */;
			productType = "com.apple.product-type.bundle.ui-testing";
		};
/* End PBXNativeTarget section */

/* Begin PBXProject section */
		A4CD6EC32A5D4E76008E5E55 /* Project object */ = {
			isa = PBXProject;
			attributes = {
				BuildIndependentTargetsInParallel = 1;
				LastUpgradeCheck = 1430;
				TargetAttributes = {
					A4CD6ECA2A5D4E76008E5E55 = {
						CreatedOnToolsVersion = 14.3.1;
					};
					A4CD6EE52A5D4E78008E5E55 = {
						CreatedOnToolsVersion = 14.3.1;
						TestTargetID = A4CD6ECA2A5D4E76008E5E55;
					};
					A4CD6EEF2A5D4E78008E5E55 = {
						CreatedOnToolsVersion = 14.3.1;
						TestTargetID = A4CD6ECA2A5D4E76008E5E55;
					};
				};
			};
			buildConfigurationList = A4CD6EC62A5D4E76008E5E55 /* Build configuration list for PBXProject "FitCloudKitDemo" */;
			compatibilityVersion = "Xcode 14.0";
			developmentRegion = en;
			hasScannedForEncodings = 0;
			knownRegions = (
				en,
				Base,
			);
			mainGroup = A4CD6EC22A5D4E76008E5E55;
			productRefGroup = A4CD6ECC2A5D4E76008E5E55 /* Products */;
			projectDirPath = "";
			projectRoot = "";
			targets = (
				A4CD6ECA2A5D4E76008E5E55 /* FitCloudKitDemo */,
				A4CD6EE52A5D4E78008E5E55 /* FitCloudKitDemoTests */,
				A4CD6EEF2A5D4E78008E5E55 /* FitCloudKitDemoUITests */,
			);
		};
/* End PBXProject section */

/* Begin PBXResourcesBuildPhase section */
		A4CD6EC92A5D4E76008E5E55 /* Resources */ = {
			isa = PBXResourcesBuildPhase;
			buildActionMask = 2147483647;
			files = (
				A4CD6EDE2A5D4E77008E5E55 /* LaunchScreen.storyboard in Resources */,
				A4CD6EDB2A5D4E77008E5E55 /* Assets.xcassets in Resources */,
				A4CD6ED92A5D4E76008E5E55 /* Main.storyboard in Resources */,
			);
			runOnlyForDeploymentPostprocessing = 0;
		};
		A4CD6EE42A5D4E78008E5E55 /* Resources */ = {
			isa = PBXResourcesBuildPhase;
			buildActionMask = 2147483647;
			files = (
			);
			runOnlyForDeploymentPostprocessing = 0;
		};
		A4CD6EEE2A5D4E78008E5E55 /* Resources */ = {
			isa = PBXResourcesBuildPhase;
			buildActionMask = 2147483647;
			files = (
			);
			runOnlyForDeploymentPostprocessing = 0;
		};
/* End PBXResourcesBuildPhase section */

/* Begin PBXSourcesBuildPhase section */
		A4CD6EC72A5D4E76008E5E55 /* Sources */ = {
			isa = PBXSourcesBuildPhase;
			buildActionMask = 2147483647;
			files = (
				A4CD6ED62A5D4E76008E5E55 /* ViewController.m in Sources */,
				A4CD6ED02A5D4E76008E5E55 /* AppDelegate.m in Sources */,
				A4CD6EE12A5D4E78008E5E55 /* main.m in Sources */,
				A4CD6ED32A5D4E76008E5E55 /* SceneDelegate.m in Sources */,
			);
			runOnlyForDeploymentPostprocessing = 0;
		};
		A4CD6EE22A5D4E78008E5E55 /* Sources */ = {
			isa = PBXSourcesBuildPhase;
			buildActionMask = 2147483647;
			files = (
				A4CD6EEB2A5D4E78008E5E55 /* FitCloudKitDemoTests.m in Sources */,
			);
			runOnlyForDeploymentPostprocessing = 0;
		};
		A4CD6EEC2A5D4E78008E5E55 /* Sources */ = {
			isa = PBXSourcesBuildPhase;
			buildActionMask = 2147483647;
			files = (
				A4CD6EF72A5D4E78008E5E55 /* FitCloudKitDemoUITestsLaunchTests.m in Sources */,
				A4CD6EF52A5D4E78008E5E55 /* FitCloudKitDemoUITests.m in Sources */,
			);
			runOnlyForDeploymentPostprocessing = 0;
		};
/* End PBXSourcesBuildPhase section */

/* Begin PBXTargetDependency section */
		A4CD6EE82A5D4E78008E5E55 /* PBXTargetDependency */ = {
			isa = PBXTargetDependency;
			target = A4CD6ECA2A5D4E76008E5E55 /* FitCloudKitDemo */;
			targetProxy = A4CD6EE72A5D4E78008E5E55 /* PBXContainerItemProxy */;
		};
		A4CD6EF22A5D4E78008E5E55 /* PBXTargetDependency */ = {
			isa = PBXTargetDependency;
			target = A4CD6ECA2A5D4E76008E5E55 /* FitCloudKitDemo */;
			targetProxy = A4CD6EF12A5D4E78008E5E55 /* PBXContainerItemProxy */;
		};
/* End PBXTargetDependency section */

/* Begin PBXVariantGroup section */
		A4CD6ED72A5D4E76008E5E55 /* Main.storyboard */ = {
			isa = PBXVariantGroup;
			children = (
				A4CD6ED82A5D4E76008E5E55 /* Base */,
			);
			name = Main.storyboard;
			sourceTree = "<group>";
		};
		A4CD6EDC2A5D4E77008E5E55 /* LaunchScreen.storyboard */ = {
			isa = PBXVariantGroup;
			children = (
				A4CD6EDD2A5D4E77008E5E55 /* Base */,
			);
			name = LaunchScreen.storyboard;
			sourceTree = "<group>";
		};
/* End PBXVariantGroup section */

/* Begin XCBuildConfiguration section */
		A4CD6EF82A5D4E78008E5E55 /* Debug */ = {
			isa = XCBuildConfiguration;
			buildSettings = {
				ALWAYS_SEARCH_USER_PATHS = NO;
				CLANG_ANALYZER_NONNULL = YES;
				CLANG_ANALYZER_NUMBER_OBJECT_CONVERSION = YES_AGGRESSIVE;
				CLANG_CXX_LANGUAGE_STANDARD = "gnu++20";
				CLANG_ENABLE_MODULES = YES;
				CLANG_ENABLE_OBJC_ARC = YES;
				CLANG_ENABLE_OBJC_WEAK = YES;
				CLANG_WARN_BLOCK_CAPTURE_AUTORELEASING = YES;
				CLANG_WARN_BOOL_CONVERSION = YES;
				CLANG_WARN_COMMA = YES;
				CLANG_WARN_CONSTANT_CONVERSION = YES;
				CLANG_WARN_DEPRECATED_OBJC_IMPLEMENTATIONS = YES;
				CLANG_WARN_DIRECT_OBJC_ISA_USAGE = YES_ERROR;
				CLANG_WARN_DOCUMENTATION_COMMENTS = YES;
				CLANG_WARN_EMPTY_BODY = YES;
				CLANG_WARN_ENUM_CONVERSION = YES;
				CLANG_WARN_INFINITE_RECURSION = YES;
				CLANG_WARN_INT_CONVERSION = YES;
				CLANG_WARN_NON_LITERAL_NULL_CONVERSION = YES;
				CLANG_WARN_OBJC_IMPLICIT_RETAIN_SELF = YES;
				CLANG_WARN_OBJC_LITERAL_CONVERSION = YES;
				CLANG_WARN_OBJC_ROOT_CLASS = YES_ERROR;
				CLANG_WARN_QUOTED_INCLUDE_IN_FRAMEWORK_HEADER = YES;
				CLANG_WARN_RANGE_LOOP_ANALYSIS = YES;
				CLANG_WARN_STRICT_PROTOTYPES = YES;
				CLANG_WARN_SUSPICIOUS_MOVE = YES;
				CLANG_WARN_UNGUARDED_AVAILABILITY = YES_AGGRESSIVE;
				CLANG_WARN_UNREACHABLE_CODE = YES;
				CLANG_WARN__DUPLICATE_METHOD_MATCH = YES;
				COPY_PHASE_STRIP = NO;
				DEBUG_INFORMATION_FORMAT = dwarf;
				ENABLE_STRICT_OBJC_MSGSEND = YES;
				ENABLE_TESTABILITY = YES;
				GCC_C_LANGUAGE_STANDARD = gnu11;
				GCC_DYNAMIC_NO_PIC = NO;
				GCC_NO_COMMON_BLOCKS = YES;
				GCC_OPTIMIZATION_LEVEL = 0;
				GCC_PREPROCESSOR_DEFINITIONS = (
					"DEBUG=1",
					"$(inherited)",
				);
				GCC_WARN_64_TO_32_BIT_CONVERSION = YES;
				GCC_WARN_ABOUT_RETURN_TYPE = YES_ERROR;
				GCC_WARN_UNDECLARED_SELECTOR = YES;
				GCC_WARN_UNINITIALIZED_AUTOS = YES_AGGRESSIVE;
				GCC_WARN_UNUSED_FUNCTION = YES;
				GCC_WARN_UNUSED_VARIABLE = YES;
				IPHONEOS_DEPLOYMENT_TARGET = 16.4;
				MTL_ENABLE_DEBUG_INFO = INCLUDE_SOURCE;
				MTL_FAST_MATH = YES;
				ONLY_ACTIVE_ARCH = YES;
				SDKROOT = iphoneos;
			};
			name = Debug;
		};
		A4CD6EF92A5D4E78008E5E55 /* Release */ = {
			isa = XCBuildConfiguration;
			buildSettings = {
				ALWAYS_SEARCH_USER_PATHS = NO;
				CLANG_ANALYZER_NONNULL = YES;
				CLANG_ANALYZER_NUMBER_OBJECT_CONVERSION = YES_AGGRESSIVE;
				CLANG_CXX_LANGUAGE_STANDARD = "gnu++20";
				CLANG_ENABLE_MODULES = YES;
				CLANG_ENABLE_OBJC_ARC = YES;
				CLANG_ENABLE_OBJC_WEAK = YES;
				CLANG_WARN_BLOCK_CAPTURE_AUTORELEASING = YES;
				CLANG_WARN_BOOL_CONVERSION = YES;
				CLANG_WARN_COMMA = YES;
				CLANG_WARN_CONSTANT_CONVERSION = YES;
				CLANG_WARN_DEPRECATED_OBJC_IMPLEMENTATIONS = YES;
				CLANG_WARN_DIRECT_OBJC_ISA_USAGE = YES_ERROR;
				CLANG_WARN_DOCUMENTATION_COMMENTS = YES;
				CLANG_WARN_EMPTY_BODY = YES;
				CLANG_WARN_ENUM_CONVERSION = YES;
				CLANG_WARN_INFINITE_RECURSION = YES;
				CLANG_WARN_INT_CONVERSION = YES;
				CLANG_WARN_NON_LITERAL_NULL_CONVERSION = YES;
				CLANG_WARN_OBJC_IMPLICIT_RETAIN_SELF = YES;
				CLANG_WARN_OBJC_LITERAL_CONVERSION = YES;
				CLANG_WARN_OBJC_ROOT_CLASS = YES_ERROR;
				CLANG_WARN_QUOTED_INCLUDE_IN_FRAMEWORK_HEADER = YES;
				CLANG_WARN_RANGE_LOOP_ANALYSIS = YES;
				CLANG_WARN_STRICT_PROTOTYPES = YES;
				CLANG_WARN_SUSPICIOUS_MOVE = YES;
				CLANG_WARN_UNGUARDED_AVAILABILITY = YES_AGGRESSIVE;
				CLANG_WARN_UNREACHABLE_CODE = YES;
				CLANG_WARN__DUPLICATE_METHOD_MATCH = YES;
				COPY_PHASE_STRIP = NO;
				DEBUG_INFORMATION_FORMAT = "dwarf-with-dsym";
				ENABLE_NS_ASSERTIONS = NO;
				ENABLE_STRICT_OBJC_MSGSEND = YES;
				GCC_C_LANGUAGE_STANDARD = gnu11;
				GCC_NO_COMMON_BLOCKS = YES;
				GCC_WARN_64_TO_32_BIT_CONVERSION = YES;
				GCC_WARN_ABOUT_RETURN_TYPE = YES_ERROR;
				GCC_WARN_UNDECLARED_SELECTOR = YES;
				GCC_WARN_UNINITIALIZED_AUTOS = YES_AGGRESSIVE;
				GCC_WARN_UNUSED_FUNCTION = YES;
				GCC_WARN_UNUSED_VARIABLE = YES;
				IPHONEOS_DEPLOYMENT_TARGET = 16.4;
				MTL_ENABLE_DEBUG_INFO = NO;
				MTL_FAST_MATH = YES;
				SDKROOT = iphoneos;
				VALIDATE_PRODUCT = YES;
			};
			name = Release;
		};
		A4CD6EFB2A5D4E78008E5E55 /* Debug */ = {
			isa = XCBuildConfiguration;
			buildSettings = {
				ASSETCATALOG_COMPILER_APPICON_NAME = AppIcon;
				ASSETCATALOG_COMPILER_GLOBAL_ACCENT_COLOR_NAME = AccentColor;
				CODE_SIGN_STYLE = Automatic;
				CURRENT_PROJECT_VERSION = 1;
				DEVELOPMENT_TEAM = V574YPW5N9;
				GENERATE_INFOPLIST_FILE = YES;
				INFOPLIST_FILE = FitCloudKitDemo/Info.plist;
				INFOPLIST_KEY_UIApplicationSupportsIndirectInputEvents = YES;
				INFOPLIST_KEY_UILaunchStoryboardName = LaunchScreen;
				INFOPLIST_KEY_UIMainStoryboardFile = Main;
				INFOPLIST_KEY_UISupportedInterfaceOrientations_iPad = "UIInterfaceOrientationPortrait UIInterfaceOrientationPortraitUpsideDown UIInterfaceOrientationLandscapeLeft UIInterfaceOrientationLandscapeRight";
				INFOPLIST_KEY_UISupportedInterfaceOrientations_iPhone = "UIInterfaceOrientationPortrait UIInterfaceOrientationLandscapeLeft UIInterfaceOrientationLandscapeRight";
				LD_RUNPATH_SEARCH_PATHS = (
					"$(inherited)",
					"@executable_path/Frameworks",
				);
				MARKETING_VERSION = 1.0;
				PRODUCT_BUNDLE_IDENTIFIER = com.wm.FitCloudKitDemo;
				PRODUCT_NAME = "$(TARGET_NAME)";
				SWIFT_EMIT_LOC_STRINGS = YES;
				TARGETED_DEVICE_FAMILY = "1,2";
			};
			name = Debug;
		};
		A4CD6EFC2A5D4E78008E5E55 /* Release */ = {
			isa = XCBuildConfiguration;
			buildSettings = {
				ASSETCATALOG_COMPILER_APPICON_NAME = AppIcon;
				ASSETCATALOG_COMPILER_GLOBAL_ACCENT_COLOR_NAME = AccentColor;
				CODE_SIGN_STYLE = Automatic;
				CURRENT_PROJECT_VERSION = 1;
				DEVELOPMENT_TEAM = V574YPW5N9;
				GENERATE_INFOPLIST_FILE = YES;
				INFOPLIST_FILE = FitCloudKitDemo/Info.plist;
				INFOPLIST_KEY_UIApplicationSupportsIndirectInputEvents = YES;
				INFOPLIST_KEY_UILaunchStoryboardName = LaunchScreen;
				INFOPLIST_KEY_UIMainStoryboardFile = Main;
				INFOPLIST_KEY_UISupportedInterfaceOrientations_iPad = "UIInterfaceOrientationPortrait UIInterfaceOrientationPortraitUpsideDown UIInterfaceOrientationLandscapeLeft UIInterfaceOrientationLandscapeRight";
				INFOPLIST_KEY_UISupportedInterfaceOrientations_iPhone = "UIInterfaceOrientationPortrait UIInterfaceOrientationLandscapeLeft UIInterfaceOrientationLandscapeRight";
				LD_RUNPATH_SEARCH_PATHS = (
					"$(inherited)",
					"@executable_path/Frameworks",
				);
				MARKETING_VERSION = 1.0;
				PRODUCT_BUNDLE_IDENTIFIER = com.wm.FitCloudKitDemo;
				PRODUCT_NAME = "$(TARGET_NAME)";
				SWIFT_EMIT_LOC_STRINGS = YES;
				TARGETED_DEVICE_FAMILY = "1,2";
			};
			name = Release;
		};
		A4CD6EFE2A5D4E78008E5E55 /* Debug */ = {
			isa = XCBuildConfiguration;
			buildSettings = {
				BUNDLE_LOADER = "$(TEST_HOST)";
				CODE_SIGN_STYLE = Automatic;
				CURRENT_PROJECT_VERSION = 1;
				DEVELOPMENT_TEAM = V574YPW5N9;
				GENERATE_INFOPLIST_FILE = YES;
				IPHONEOS_DEPLOYMENT_TARGET = 16.4;
				MARKETING_VERSION = 1.0;
				PRODUCT_BUNDLE_IDENTIFIER = com.wm.FitCloudKitDemoTests;
				PRODUCT_NAME = "$(TARGET_NAME)";
				SWIFT_EMIT_LOC_STRINGS = NO;
				TARGETED_DEVICE_FAMILY = "1,2";
				TEST_HOST = "$(BUILT_PRODUCTS_DIR)/FitCloudKitDemo.app/$(BUNDLE_EXECUTABLE_FOLDER_PATH)/FitCloudKitDemo";
			};
			name = Debug;
		};
		A4CD6EFF2A5D4E78008E5E55 /* Release */ = {
			isa = XCBuildConfiguration;
			buildSettings = {
				BUNDLE_LOADER = "$(TEST_HOST)";
				CODE_SIGN_STYLE = Automatic;
				CURRENT_PROJECT_VERSION = 1;
				DEVELOPMENT_TEAM = V574YPW5N9;
				GENERATE_INFOPLIST_FILE = YES;
				IPHONEOS_DEPLOYMENT_TARGET = 16.4;
				MARKETING_VERSION = 1.0;
				PRODUCT_BUNDLE_IDENTIFIER = com.wm.FitCloudKitDemoTests;
				PRODUCT_NAME = "$(TARGET_NAME)";
				SWIFT_EMIT_LOC_STRINGS = NO;
				TARGETED_DEVICE_FAMILY = "1,2";
				TEST_HOST = "$(BUILT_PRODUCTS_DIR)/FitCloudKitDemo.app/$(BUNDLE_EXECUTABLE_FOLDER_PATH)/FitCloudKitDemo";
			};
			name = Release;
		};
		A4CD6F012A5D4E78008E5E55 /* Debug */ = {
			isa = XCBuildConfiguration;
			buildSettings = {
				CODE_SIGN_STYLE = Automatic;
				CURRENT_PROJECT_VERSION = 1;
				DEVELOPMENT_TEAM = V574YPW5N9;
				GENERATE_INFOPLIST_FILE = YES;
				MARKETING_VERSION = 1.0;
				PRODUCT_BUNDLE_IDENTIFIER = com.wm.FitCloudKitDemoUITests;
				PRODUCT_NAME = "$(TARGET_NAME)";
				SWIFT_EMIT_LOC_STRINGS = NO;
				TARGETED_DEVICE_FAMILY = "1,2";
				TEST_TARGET_NAME = FitCloudKitDemo;
			};
			name = Debug;
		};
		A4CD6F022A5D4E78008E5E55 /* Release */ = {
			isa = XCBuildConfiguration;
			buildSettings = {
				CODE_SIGN_STYLE = Automatic;
				CURRENT_PROJECT_VERSION = 1;
				DEVELOPMENT_TEAM = V574YPW5N9;
				GENERATE_INFOPLIST_FILE = YES;
				MARKETING_VERSION = 1.0;
				PRODUCT_BUNDLE_IDENTIFIER = com.wm.FitCloudKitDemoUITests;
				PRODUCT_NAME = "$(TARGET_NAME)";
				SWIFT_EMIT_LOC_STRINGS = NO;
				TARGETED_DEVICE_FAMILY = "1,2";
				TEST_TARGET_NAME = FitCloudKitDemo;
			};
			name = Release;
		};
/* End XCBuildConfiguration section */

/* Begin XCConfigurationList section */
		A4CD6EC62A5D4E76008E5E55 /* Build configuration list for PBXProject "FitCloudKitDemo" */ = {
			isa = XCConfigurationList;
			buildConfigurations = (
				A4CD6EF82A5D4E78008E5E55 /* Debug */,
				A4CD6EF92A5D4E78008E5E55 /* Release */,
			);
			defaultConfigurationIsVisible = 0;
			defaultConfigurationName = Release;
		};
		A4CD6EFA2A5D4E78008E5E55 /* Build configuration list for PBXNativeTarget "FitCloudKitDemo" */ = {
			isa = XCConfigurationList;
			buildConfigurations = (
				A4CD6EFB2A5D4E78008E5E55 /* Debug */,
				A4CD6EFC2A5D4E78008E5E55 /* Release */,
			);
			defaultConfigurationIsVisible = 0;
			defaultConfigurationName = Release;
		};
		A4CD6EFD2A5D4E78008E5E55 /* Build configuration list for PBXNativeTarget "FitCloudKitDemoTests" */ = {
			isa = XCConfigurationList;
			buildConfigurations = (
				A4CD6EFE2A5D4E78008E5E55 /* Debug */,
				A4CD6EFF2A5D4E78008E5E55 /* Release */,
			);
			defaultConfigurationIsVisible = 0;
			defaultConfigurationName = Release;
		};
		A4CD6F002A5D4E78008E5E55 /* Build configuration list for PBXNativeTarget "FitCloudKitDemoUITests" */ = {
			isa = XCConfigurationList;
			buildConfigurations = (
				A4CD6F012A5D4E78008E5E55 /* Debug */,
				A4CD6F022A5D4E78008E5E55 /* Release */,
			);
			defaultConfigurationIsVisible = 0;
			defaultConfigurationName = Release;
		};
/* End XCConfigurationList section */
	};
	rootObject = A4CD6EC32A5D4E76008E5E55 /* Project object */;
}
